
Microsoft Visual Studio Solution File, Format Version 12.00
# Visual Studio Version 17
VisualStudioVersion = 17.9.34728.123
MinimumVisualStudioVersion = 10.0.40219.1
Project("{9A19103F-16F7-4668-BE54-9A1E7A4F7556}") = "ShoppingCart.PL", "ShoppingCart.PL\ShoppingCart.PL.csproj", "{6202943B-F115-4EF4-BDA9-3D4FB4AF3537}"
EndProject
Project("{9A19103F-16F7-4668-BE54-9A1E7A4F7556}") = "ShoppingCart.DAL", "ShoppingCart.DAL\ShoppingCart.DAL.csproj", "{961AD1C1-D3FB-4812-B059-7A496178CECF}"
EndProject
Project("{9A19103F-16F7-4668-BE54-9A1E7A4F7556}") = "ShoppingCart.BLL", "ShoppingCart.BLL\ShoppingCart.BLL.csproj", "{81A97963-1F8D-4292-B8F4-7D78C95BFDC8}"
EndProject
Global
	GlobalSection(SolutionConfigurationPlatforms) = preSolution
		Debug|Any CPU = Debug|Any CPU
		Release|Any CPU = Release|Any CPU
	EndGlobalSection
	GlobalSection(ProjectConfigurationPlatforms) = postSolution
		{6202943B-F115-4EF4-BDA9-3D4FB4AF3537}.Debug|Any CPU.ActiveCfg = Debug|Any CPU
		{6202943B-F115-4EF4-BDA9-3D4FB4AF3537}.Debug|Any CPU.Build.0 = Debug|Any CPU
		{6202943B-F115-4EF4-BDA9-3D4FB4AF3537}.Release|Any CPU.ActiveCfg = Release|Any CPU
		{6202943B-F115-4EF4-BDA9-3D4FB4AF3537}.Release|Any CPU.Build.0 = Release|Any CPU
		{961AD1C1-D3FB-4812-B059-7A496178CECF}.Debug|Any CPU.ActiveCfg = Debug|Any CPU
		{961AD1C1-D3FB-4812-B059-7A496178CECF}.Debug|Any CPU.Build.0 = Debug|Any CPU
		{961AD1C1-D3FB-4812-B059-7A496178CECF}.Release|Any CPU.ActiveCfg = Release|Any CPU
		{961AD1C1-D3FB-4812-B059-7A496178CECF}.Release|Any CPU.Build.0 = Release|Any CPU
		{81A97963-1F8D-4292-B8F4-7D78C95BFDC8}.Debug|Any CPU.ActiveCfg = Debug|Any CPU
		{81A97963-1F8D-4292-B8F4-7D78C95BFDC8}.Debug|Any CPU.Build.0 = Debug|Any CPU
		{81A97963-1F8D-4292-B8F4-7D78C95BFDC8}.Release|Any CPU.ActiveCfg = Release|Any CPU
		{81A97963-1F8D-4292-B8F4-7D78C95BFDC8}.Release|Any CPU.Build.0 = Release|Any CPU
	EndGlobalSection
	GlobalSection(SolutionProperties) = preSolution
		HideSolutionNode = FALSE
	EndGlobalSection
	GlobalSection(ExtensibilityGlobals) = postSolution
		SolutionGuid = {220B48B0-C6B4-4B0E-9EBE-2F06216D3B5B}
	EndGlobalSection
EndGlobal
